
Microsoft Visual Studio Solution File, Format Version 12.00
# Visual Studio Version 17
VisualStudioVersion = 17.3.32929.385
MinimumVisualStudioVersion = 10.0.40219.1
Project("{FAE04EC0-301F-11D3-BF4B-00C04F79EFBC}") = "ExampleApplication", "ExampleApplication\ExampleApplication.csproj", "{69232693-23EB-445D-BE82-171F98705EBA}"
EndProject
Global
	GlobalSection(SolutionConfigurationPlatforms) = preSolution
		Debug|Any CPU = Debug|Any CPU
		Release|Any CPU = Release|Any CPU
	EndGlobalSection
	GlobalSection(ProjectConfigurationPlatforms) = postSolution
		{69232693-23EB-445D-BE82-171F98705EBA}.Debug|Any CPU.ActiveCfg = Debug|Any CPU
		{69232693-23EB-445D-BE82-171F98705EBA}.Debug|Any CPU.Build.0 = Debug|Any CPU
		{69232693-23EB-445D-BE82-171F98705EBA}.Release|Any CPU.ActiveCfg = Release|Any CPU
		{69232693-23EB-445D-BE82-171F98705EBA}.Release|Any CPU.Build.0 = Release|Any CPU
	EndGlobalSection
	GlobalSection(SolutionProperties) = preSolution
		HideSolutionNode = FALSE
	EndGlobalSection
	GlobalSection(ExtensibilityGlobals) = postSolution
		SolutionGuid = {9FCE8299-53B3-4F2F-A423-170097154F4A}
	EndGlobalSection
EndGlobal
